<?xml version="1.0" encoding="utf-8"?>
<Project ToolsVersion="4.0" xmlns="http://schemas.microsoft.com/developer/msbuild/2003">
  <ItemGroup>
    <Filter Include="win32">
      <UniqueIdentifier>{84a8ebd7-7cf0-47f6-b75e-d441df67da40}</UniqueIdentifier>
    </Filter>
    <Filter Include="Classes">
      <UniqueIdentifier>{bb6c862e-70e9-49d9-81b7-3829a6f50471}</UniqueIdentifier>
    </Filter>
    <Filter Include="Classes\util">
      <UniqueIdentifier>{40510820-15a6-41b6-a9aa-b9d9e82c8511}</UniqueIdentifier>
    </Filter>
    <Filter Include="Classes\include">
      <UniqueIdentifier>{551f09ba-2661-40d5-9402-1aba08d1dd35}</UniqueIdentifier>
    </Filter>
    <Filter Include="Classes\layers">
      <UniqueIdentifier>{ed6779c6-cec0-4947-964c-3aa49c8bc533}</UniqueIdentifier>
    </Filter>
    <Filter Include="Classes\customs">
      <UniqueIdentifier>{8aae07df-4539-46ba-b8ae-9c0b89c1bd46}</UniqueIdentifier>
    </Filter>
  </ItemGroup>
  <ItemGroup>
    <ClCompile Include="main.cpp">
      <Filter>win32</Filter>
    </ClCompile>
    <ClCompile Include="..\Classes\AppDelegate.cpp">
      <Filter>Classes</Filter>
    </ClCompile>
    <ClCompile Include="..\Classes\util\cocos_util.cpp">
      <Filter>Classes\util</Filter>
    </ClCompile>
    <ClCompile Include="..\Classes\util\CocosWindow.cpp">
      <Filter>Classes\util</Filter>
    </ClCompile>
    <ClCompile Include="..\Classes\StartScene.cpp">
      <Filter>Classes</Filter>
    </ClCompile>
    <ClCompile Include="..\Classes\layers\TestEntranceLayer.cpp">
      <Filter>Classes\layers</Filter>
    </ClCompile>
    <ClCompile Include="..\Classes\customs\FlowLayout.cpp">
      <Filter>Classes\customs</Filter>
    </ClCompile>
    <ClCompile Include="..\Classes\layers\MainScene.cpp">
      <Filter>Classes\layers</Filter>
    </ClCompile>
    <ClCompile Include="..\Classes\LogicDirector.cpp">
      <Filter>Classes</Filter>
    </ClCompile>
    <ClCompile Include="..\Classes\layers\SuperPage.cpp">
      <Filter>Classes\layers</Filter>
    </ClCompile>
    <ClCompile Include="..\Classes\PageManager.cpp" />
  </ItemGroup>
  <ItemGroup>
    <ClInclude Include="main.h">
      <Filter>win32</Filter>
    </ClInclude>
    <ClInclude Include="..\Classes\AppDelegate.h">
      <Filter>Classes</Filter>
    </ClInclude>
    <ClInclude Include="..\Classes\util\cocos_util.h">
      <Filter>Classes\util</Filter>
    </ClInclude>
    <ClInclude Include="..\Classes\util\CocosWindow.h">
      <Filter>Classes\util</Filter>
    </ClInclude>
    <ClInclude Include="..\Classes\cocos_include.h">
      <Filter>Classes\include</Filter>
    </ClInclude>
    <ClInclude Include="..\Classes\StartScene.h">
      <Filter>Classes</Filter>
    </ClInclude>
    <ClInclude Include="..\Classes\layers\TestEntranceLayer.h">
      <Filter>Classes\layers</Filter>
    </ClInclude>
    <ClInclude Include="..\Classes\customs\FlowLayout.h">
      <Filter>Classes\customs</Filter>
    </ClInclude>
    <ClInclude Include="..\Classes\layers\MainScene.h">
      <Filter>Classes\layers</Filter>
    </ClInclude>
    <ClInclude Include="..\Classes\LogicDirector.h">
      <Filter>Classes</Filter>
    </ClInclude>
    <ClInclude Include="..\Classes\util\StateMachine.h">
      <Filter>Classes\util</Filter>
    </ClInclude>
    <ClInclude Include="..\Classes\layers\SuperPage.h">
      <Filter>Classes\layers</Filter>
    </ClInclude>
    <ClInclude Include="..\Classes\PageManager.h">
      <Filter>Classes</Filter>
    </ClInclude>
    <ClInclude Include="..\Classes\util\Singleton.h">
      <Filter>Classes\util</Filter>
    </ClInclude>
  </ItemGroup>
</Project>