<?xml version="1.0" encoding="utf-8"?>
<Project ToolsVersion="4.0" xmlns="http://schemas.microsoft.com/developer/msbuild/2003">
  <ItemGroup>
    <Filter Include="win32">
      <UniqueIdentifier>{84a8ebd7-7cf0-47f6-b75e-d441df67da40}</UniqueIdentifier>
    </Filter>
    <Filter Include="Classes">
      <UniqueIdentifier>{bb6c862e-70e9-49d9-81b7-3829a6f50471}</UniqueIdentifier>
    </Filter>
    <Filter Include="Classes\util">
      <UniqueIdentifier>{40510820-15a6-41b6-a9aa-b9d9e82c8511}</UniqueIdentifier>
    </Filter>
    <Filter Include="Classes\include">
      <UniqueIdentifier>{551f09ba-2661-40d5-9402-1aba08d1dd35}</UniqueIdentifier>
    </Filter>
    <Filter Include="Classes\customs">
      <UniqueIdentifier>{8aae07df-4539-46ba-b8ae-9c0b89c1bd46}</UniqueIdentifier>
    </Filter>
    <Filter Include="Classes\message">
      <UniqueIdentifier>{e4cd9ffd-85fd-424c-9c3a-9e73767b6a20}</UniqueIdentifier>
    </Filter>
    <Filter Include="Classes\pages">
      <UniqueIdentifier>{ed6779c6-cec0-4947-964c-3aa49c8bc533}</UniqueIdentifier>
    </Filter>
    <Filter Include="Classes\data_models">
      <UniqueIdentifier>{a3011aff-e155-4bad-bdb8-8bc4878dc5ff}</UniqueIdentifier>
    </Filter>
    <Filter Include="Classes\rapid_json">
      <UniqueIdentifier>{767472f1-3ba5-4dd4-8d28-2f6c29a74034}</UniqueIdentifier>
    </Filter>
  </ItemGroup>
  <ItemGroup>
    <ClCompile Include="main.cpp">
      <Filter>win32</Filter>
    </ClCompile>
    <ClCompile Include="..\Classes\AppDelegate.cpp">
      <Filter>Classes</Filter>
    </ClCompile>
    <ClCompile Include="..\Classes\util\cocos_util.cpp">
      <Filter>Classes\util</Filter>
    </ClCompile>
    <ClCompile Include="..\Classes\util\CocosWindow.cpp">
      <Filter>Classes\util</Filter>
    </ClCompile>
    <ClCompile Include="..\Classes\StartScene.cpp">
      <Filter>Classes</Filter>
    </ClCompile>
    <ClCompile Include="..\Classes\customs\FlowLayout.cpp">
      <Filter>Classes\customs</Filter>
    </ClCompile>
    <ClCompile Include="..\Classes\LogicDirector.cpp">
      <Filter>Classes</Filter>
    </ClCompile>
    <ClCompile Include="..\Classes\PageManager.cpp" />
    <ClCompile Include="..\Classes\message\MessageCenter.cpp">
      <Filter>Classes\message</Filter>
    </ClCompile>
    <ClCompile Include="..\Classes\message\Message.cpp" />
    <ClCompile Include="..\Classes\data_models\TestDataCenter.cpp">
      <Filter>Classes\data_models</Filter>
    </ClCompile>
    <ClCompile Include="..\Classes\pages\TouchTestPage.cpp">
      <Filter>Classes\pages</Filter>
    </ClCompile>
    <ClCompile Include="..\Classes\pages\RootPage.cpp">
      <Filter>Classes\pages</Filter>
    </ClCompile>
    <ClCompile Include="..\Classes\pages\MainPage.cpp">
      <Filter>Classes\pages</Filter>
    </ClCompile>
    <ClCompile Include="..\Classes\util\StringUtil.cpp">
      <Filter>Classes\util</Filter>
    </ClCompile>
    <ClCompile Include="..\Classes\pages\LittleTouchPage.cpp">
      <Filter>Classes\pages</Filter>
    </ClCompile>
    <ClCompile Include="..\Classes\customs\Menu.cpp">
      <Filter>Classes\customs</Filter>
    </ClCompile>
    <ClCompile Include="..\Classes\pages\ScrollviewTestPage.cpp">
      <Filter>Classes\pages</Filter>
    </ClCompile>
    <ClCompile Include="..\Classes\pages\SuperPage.cpp">
      <Filter>Classes\pages</Filter>
    </ClCompile>
    <ClCompile Include="..\Classes\pages\SpriteBatchNodeTestPage.cpp">
      <Filter>Classes\pages</Filter>
    </ClCompile>
    <ClCompile Include="..\Classes\pages\SpriteFrameTestPage.cpp">
      <Filter>Classes\pages</Filter>
    </ClCompile>
    <ClCompile Include="..\Classes\pages\CustomSpritePage.cpp">
      <Filter>Classes\pages</Filter>
    </ClCompile>
    <ClCompile Include="..\Classes\pages\CustomNodePage.cpp">
      <Filter>Classes\pages</Filter>
    </ClCompile>
    <ClCompile Include="..\Classes\pages\BloodFlashPage.cpp">
      <Filter>Classes\pages</Filter>
    </ClCompile>
  </ItemGroup>
  <ItemGroup>
    <ClInclude Include="main.h">
      <Filter>win32</Filter>
    </ClInclude>
    <ClInclude Include="..\Classes\AppDelegate.h">
      <Filter>Classes</Filter>
    </ClInclude>
    <ClInclude Include="..\Classes\util\cocos_util.h">
      <Filter>Classes\util</Filter>
    </ClInclude>
    <ClInclude Include="..\Classes\util\CocosWindow.h">
      <Filter>Classes\util</Filter>
    </ClInclude>
    <ClInclude Include="..\Classes\cocos_include.h">
      <Filter>Classes\include</Filter>
    </ClInclude>
    <ClInclude Include="..\Classes\StartScene.h">
      <Filter>Classes</Filter>
    </ClInclude>
    <ClInclude Include="..\Classes\customs\FlowLayout.h">
      <Filter>Classes\customs</Filter>
    </ClInclude>
    <ClInclude Include="..\Classes\LogicDirector.h">
      <Filter>Classes</Filter>
    </ClInclude>
    <ClInclude Include="..\Classes\util\StateMachine.h">
      <Filter>Classes\util</Filter>
    </ClInclude>
    <ClInclude Include="..\Classes\PageManager.h">
      <Filter>Classes</Filter>
    </ClInclude>
    <ClInclude Include="..\Classes\util\Singleton.h">
      <Filter>Classes\util</Filter>
    </ClInclude>
    <ClInclude Include="..\Classes\message\MessageCenter.h">
      <Filter>Classes\message</Filter>
    </ClInclude>
    <ClInclude Include="..\Classes\message\Message.h">
      <Filter>Classes\message</Filter>
    </ClInclude>
    <ClInclude Include="..\Classes\pages\SuperPage.h">
      <Filter>Classes\pages</Filter>
    </ClInclude>
    <ClInclude Include="..\Classes\include_pages.h">
      <Filter>Classes\include</Filter>
    </ClInclude>
    <ClInclude Include="..\Classes\data_models\TestDataCenter.h">
      <Filter>Classes\data_models</Filter>
    </ClInclude>
    <ClInclude Include="..\Classes\rapid_json\allocators.h">
      <Filter>Classes\rapid_json</Filter>
    </ClInclude>
    <ClInclude Include="..\Classes\rapid_json\document.h">
      <Filter>Classes\rapid_json</Filter>
    </ClInclude>
    <ClInclude Include="..\Classes\rapid_json\encodedstream.h">
      <Filter>Classes\rapid_json</Filter>
    </ClInclude>
    <ClInclude Include="..\Classes\rapid_json\encodings.h">
      <Filter>Classes\rapid_json</Filter>
    </ClInclude>
    <ClInclude Include="..\Classes\rapid_json\filereadstream.h">
      <Filter>Classes\rapid_json</Filter>
    </ClInclude>
    <ClInclude Include="..\Classes\rapid_json\filewritestream.h">
      <Filter>Classes\rapid_json</Filter>
    </ClInclude>
    <ClInclude Include="..\Classes\rapid_json\memorybuffer.h">
      <Filter>Classes\rapid_json</Filter>
    </ClInclude>
    <ClInclude Include="..\Classes\rapid_json\memorystream.h">
      <Filter>Classes\rapid_json</Filter>
    </ClInclude>
    <ClInclude Include="..\Classes\rapid_json\pointer.h">
      <Filter>Classes\rapid_json</Filter>
    </ClInclude>
    <ClInclude Include="..\Classes\rapid_json\prettywriter.h">
      <Filter>Classes\rapid_json</Filter>
    </ClInclude>
    <ClInclude Include="..\Classes\rapid_json\rapidjson.h">
      <Filter>Classes\rapid_json</Filter>
    </ClInclude>
    <ClInclude Include="..\Classes\rapid_json\reader.h">
      <Filter>Classes\rapid_json</Filter>
    </ClInclude>
    <ClInclude Include="..\Classes\rapid_json\stringbuffer.h">
      <Filter>Classes\rapid_json</Filter>
    </ClInclude>
    <ClInclude Include="..\Classes\rapid_json\writer.h">
      <Filter>Classes\rapid_json</Filter>
    </ClInclude>
    <ClInclude Include="..\Classes\rapid_json\msinttypes\inttypes.h">
      <Filter>Classes\rapid_json</Filter>
    </ClInclude>
    <ClInclude Include="..\Classes\rapid_json\msinttypes\stdint.h">
      <Filter>Classes\rapid_json</Filter>
    </ClInclude>
    <ClInclude Include="..\Classes\rapid_json\internal\biginteger.h">
      <Filter>Classes\rapid_json</Filter>
    </ClInclude>
    <ClInclude Include="..\Classes\rapid_json\internal\diyfp.h">
      <Filter>Classes\rapid_json</Filter>
    </ClInclude>
    <ClInclude Include="..\Classes\rapid_json\internal\dtoa.h">
      <Filter>Classes\rapid_json</Filter>
    </ClInclude>
    <ClInclude Include="..\Classes\rapid_json\internal\ieee754.h">
      <Filter>Classes\rapid_json</Filter>
    </ClInclude>
    <ClInclude Include="..\Classes\rapid_json\internal\itoa.h">
      <Filter>Classes\rapid_json</Filter>
    </ClInclude>
    <ClInclude Include="..\Classes\rapid_json\internal\meta.h">
      <Filter>Classes\rapid_json</Filter>
    </ClInclude>
    <ClInclude Include="..\Classes\rapid_json\internal\pow10.h">
      <Filter>Classes\rapid_json</Filter>
    </ClInclude>
    <ClInclude Include="..\Classes\rapid_json\internal\stack.h">
      <Filter>Classes\rapid_json</Filter>
    </ClInclude>
    <ClInclude Include="..\Classes\rapid_json\internal\strfunc.h">
      <Filter>Classes\rapid_json</Filter>
    </ClInclude>
    <ClInclude Include="..\Classes\rapid_json\internal\strtod.h">
      <Filter>Classes\rapid_json</Filter>
    </ClInclude>
    <ClInclude Include="..\Classes\rapid_json\internal\swap.h">
      <Filter>Classes\rapid_json</Filter>
    </ClInclude>
    <ClInclude Include="..\Classes\rapid_json\error\en.h">
      <Filter>Classes\rapid_json</Filter>
    </ClInclude>
    <ClInclude Include="..\Classes\rapid_json\error\error.h">
      <Filter>Classes\rapid_json</Filter>
    </ClInclude>
    <ClInclude Include="..\Classes\pages\TouchTestPage.h">
      <Filter>Classes\pages</Filter>
    </ClInclude>
    <ClInclude Include="..\Classes\pages\RootPage.h">
      <Filter>Classes\pages</Filter>
    </ClInclude>
    <ClInclude Include="..\Classes\pages\MainPage.h">
      <Filter>Classes\pages</Filter>
    </ClInclude>
    <ClInclude Include="..\Classes\util\StringUtil.h">
      <Filter>Classes\util</Filter>
    </ClInclude>
    <ClInclude Include="..\Classes\pages\LittleTouchPage.h">
      <Filter>Classes\pages</Filter>
    </ClInclude>
    <ClInclude Include="..\Classes\customs\Menu.h">
      <Filter>Classes\customs</Filter>
    </ClInclude>
    <ClInclude Include="..\Classes\pages\ScrollviewTestPage.h">
      <Filter>Classes\pages</Filter>
    </ClInclude>
    <ClInclude Include="..\Classes\pages\SpriteBatchNodeTestPage.h">
      <Filter>Classes\pages</Filter>
    </ClInclude>
    <ClInclude Include="..\Classes\pages\SpriteFrameTestPage.h">
      <Filter>Classes\pages</Filter>
    </ClInclude>
    <ClInclude Include="..\Classes\pages\CustomSpritePage.h">
      <Filter>Classes\pages</Filter>
    </ClInclude>
    <ClInclude Include="..\Classes\pages\CustomNodePage.h">
      <Filter>Classes\pages</Filter>
    </ClInclude>
    <ClInclude Include="..\Classes\pages\BloodFlashPage.h">
      <Filter>Classes\pages</Filter>
    </ClInclude>
  </ItemGroup>
</Project>
